{
  "name": "yd-error",
  "version": "1.0.0",
  "lockfileVersion": 1,
  "requires": true,
  "dependencies": {
    "fundebug-nodejs": {
      "version": "0.1.0",
      "resolved": "http://registry.npm.taobao.org/fundebug-nodejs/download/fundebug-nodejs-0.1.0.tgz",
      "integrity": "sha1-16I1TM29pleKSfT27DX2XnOxDpk=",
      "dev": true
    }
  }
}
